// !$*UTF8*$!
{
	archiveVersion = 1;
	classes = {
	};
	objectVersion = 77;
	objects = {

/* Begin PBXContainerItemProxy section */
		3FE49D762EA2FA5D00C11A8F /* PBXContainerItemProxy */ = {
			isa = PBXContainerItemProxy;
			containerPortal = 3FE49D572EA2FA5C00C11A8F /* Project object */;
			proxyType = 1;
			remoteGlobalIDString = 3FE49D5E2EA2FA5C00C11A8F;
			remoteInfo = RentiWise;
		};
		3FE49D802EA2FA5D00C11A8F /* PBXContainerItemProxy */ = {
			isa = PBXContainerItemProxy;
			containerPortal = 3FE49D572EA2FA5C00C11A8F /* Project object */;
			proxyType = 1;
			remoteGlobalIDString = 3FE49D5E2EA2FA5C00C11A8F;
			remoteInfo = RentiWise;
		};
/* End PBXContainerItemProxy section */

/* Begin PBXFileReference section */
		3FE49D5F2EA2FA5C00C11A8F /* RentiWise.app */ = {isa = PBXFileReference; explicitFileType = wrapper.application; includeInIndex = 0; path = RentiWise.app; sourceTree = BUILT_PRODUCTS_DIR; };
		3FE49D752EA2FA5D00C11A8F /* RentiWiseTests.xctest */ = {isa = PBXFileReference; explicitFileType = wrapper.cfbundle; includeInIndex = 0; path = RentiWiseTests.xctest; sourceTree = BUILT_PRODUCTS_DIR; };
		3FE49D7F2EA2FA5D00C11A8F /* RentiWiseUITests.xctest */ = {isa = PBXFileReference; explicitFileType = wrapper.cfbundle; includeInIndex = 0; path = RentiWiseUITests.xctest; sourceTree = BUILT_PRODUCTS_DIR; };
/* End PBXFileReference section */

/* Begin PBXFileSystemSynchronizedBuildFileExceptionSet section */
		3FE49D872EA2FA5D00C11A8F /* Exceptions for "RentiWise" folder in "RentiWise" target */ = {
			isa = PBXFileSystemSynchronizedBuildFileExceptionSet;
			membershipExceptions = (
				Info.plist,
			);
			target = 3FE49D5E2EA2FA5C00C11A8F /* RentiWise */;
		};
/* End PBXFileSystemSynchronizedBuildFileExceptionSet section */

/* Begin PBXFileSystemSynchronizedRootGroup section */
		3FE49D612EA2FA5C00C11A8F /* RentiWise */ = {
			isa = PBXFileSystemSynchronizedRootGroup;
			exceptions = (
				3FE49D872EA2FA5D00C11A8F /* Exceptions for "RentiWise" folder in "RentiWise" target */,
			);
			path = RentiWise;
			sourceTree = "<group>";
		};
		3FE49D782EA2FA5D00C11A8F /* RentiWiseTests */ = {
			isa = PBXFileSystemSynchronizedRootGroup;
			path = RentiWiseTests;
			sourceTree = "<group>";
		};
		3FE49D822EA2FA5D00C11A8F /* RentiWiseUITests */ = {
			isa = PBXFileSystemSynchronizedRootGroup;
			path = RentiWiseUITests;
			sourceTree = "<group>";
		};
/* End PBXFileSystemSynchronizedRootGroup section */

/* Begin PBXFrameworksBuildPhase section */
		3FE49D5C2EA2FA5C00C11A8F /* Frameworks */ = {
			isa = PBXFrameworksBuildPhase;
			buildActionMask = 2147483647;
			files = (
			);
			runOnlyForDeploymentPostprocessing = 0;
		};
		3FE49D722EA2FA5D00C11A8F /* Frameworks */ = {
			isa = PBXFrameworksBuildPhase;
			buildActionMask = 2147483647;
			files = (
			);
			runOnlyForDeploymentPostprocessing = 0;
		};
		3FE49D7C2EA2FA5D00C11A8F /* Frameworks */ = {
			isa = PBXFrameworksBuildPhase;
			buildActionMask = 2147483647;
			files = (
			);
			runOnlyForDeploymentPostprocessing = 0;
		};
/* End PBXFrameworksBuildPhase section */

/* Begin PBXGroup section */
		3FE49D562EA2FA5C00C11A8F = {
			isa = PBXGroup;
			children = (
				3FE49D612EA2FA5C00C11A8F /* RentiWise */,
				3FE49D782EA2FA5D00C11A8F /* RentiWiseTests */,
				3FE49D822EA2FA5D00C11A8F /* RentiWiseUITests */,
				3FE49D602EA2FA5C00C11A8F /* Products */,
			);
			sourceTree = "<group>";
		};
		3FE49D602EA2FA5C00C11A8F /* Products */ = {
			isa = PBXGroup;
			children = (
				3FE49D5F2EA2FA5C00C11A8F /* RentiWise.app */,
				3FE49D752EA2FA5D00C11A8F /* RentiWiseTests.xctest */,
				3FE49D7F2EA2FA5D00C11A8F /* RentiWiseUITests.xctest */,
			);
			name = Products;
			sourceTree = "<group>";
		};
/* End PBXGroup section */

/* Begin PBXNativeTarget section */
		3FE49D5E2EA2FA5C00C11A8F /* RentiWise */ = {
			isa = PBXNativeTarget;
			buildConfigurationList = 3FE49D882EA2FA5D00C11A8F /* Build configuration list for PBXNativeTarget "RentiWise" */;
			buildPhases = (
				3FE49D5B2EA2FA5C00C11A8F /* Sources */,
				3FE49D5C2EA2FA5C00C11A8F /* Frameworks */,
				3FE49D5D2EA2FA5C00C11A8F /* Resources */,
			);
			buildRules = (
			);
			dependencies = (
			);
			fileSystemSynchronizedGroups = (
				3FE49D612EA2FA5C00C11A8F /* RentiWise */,
			);
			name = RentiWise;
			packageProductDependencies = (
			);
			productName = RentiWise;
			productReference = 3FE49D5F2EA2FA5C00C11A8F /* RentiWise.app */;
			productType = "com.apple.product-type.application";
		};
		3FE49D742EA2FA5D00C11A8F /* RentiWiseTests */ = {
			isa = PBXNativeTarget;
			buildConfigurationList = 3FE49D8D2EA2FA5D00C11A8F /* Build configuration list for PBXNativeTarget "RentiWiseTests" */;
			buildPhases = (
				3FE49D712EA2FA5D00C11A8F /* Sources */,
				3FE49D722EA2FA5D00C11A8F /* Frameworks */,
				3FE49D732EA2FA5D00C11A8F /* Resources */,
			);
			buildRules = (
			);
			dependencies = (
				3FE49D772EA2FA5D00C11A8F /* PBXTargetDependency */,
			);
			fileSystemSynchronizedGroups = (
				3FE49D782EA2FA5D00C11A8F /* RentiWiseTests */,
			);
			name = RentiWiseTests;
			packageProductDependencies = (
			);
			productName = RentiWiseTests;
			productReference = 3FE49D752EA2FA5D00C11A8F /* RentiWiseTests.xctest */;
			productType = "com.apple.product-type.bundle.unit-test";
		};
		3FE49D7E2EA2FA5D00C11A8F /* RentiWiseUITests */ = {
			isa = PBXNativeTarget;
			buildConfigurationList = 3FE49D902EA2FA5D00C11A8F /* Build configuration list for PBXNativeTarget "RentiWiseUITests" */;
			buildPhases = (
				3FE49D7B2EA2FA5D00C11A8F /* Sources */,
				3FE49D7C2EA2FA5D00C11A8F /* Frameworks */,
				3FE49D7D2EA2FA5D00C11A8F /* Resources */,
			);
			buildRules = (
			);
			dependencies = (
				3FE49D812EA2FA5D00C11A8F /* PBXTargetDependency */,
			);
			fileSystemSynchronizedGroups = (
				3FE49D822EA2FA5D00C11A8F /* RentiWiseUITests */,
			);
			name = RentiWiseUITests;
			packageProductDependencies = (
			);
			productName = RentiWiseUITests;
			productReference = 3FE49D7F2EA2FA5D00C11A8F /* RentiWiseUITests.xctest */;
			productType = "com.apple.product-type.bundle.ui-testing";
		};
/* End PBXNativeTarget section */

/* Begin PBXProject section */
		3FE49D572EA2FA5C00C11A8F /* Project object */ = {
			isa = PBXProject;
			attributes = {
				BuildIndependentTargetsInParallel = 1;
				LastSwiftUpdateCheck = 2600;
				LastUpgradeCheck = 2600;
				TargetAttributes = {
					3FE49D5E2EA2FA5C00C11A8F = {
						CreatedOnToolsVersion = 26.0.1;
					};
					3FE49D742EA2FA5D00C11A8F = {
						CreatedOnToolsVersion = 26.0.1;
						TestTargetID = 3FE49D5E2EA2FA5C00C11A8F;
					};
					3FE49D7E2EA2FA5D00C11A8F = {
						CreatedOnToolsVersion = 26.0.1;
						TestTargetID = 3FE49D5E2EA2FA5C00C11A8F;
					};
				};
			};
			buildConfigurationList = 3FE49D5A2EA2FA5C00C11A8F /* Build configuration list for PBXProject "RentiWise" */;
			developmentRegion = en;
			hasScannedForEncodings = 0;
			knownRegions = (
				en,
				Base,
			);
			mainGroup = 3FE49D562EA2FA5C00C11A8F;
			minimizedProjectReferenceProxies = 1;
			preferredProjectObjectVersion = 77;
			productRefGroup = 3FE49D602EA2FA5C00C11A8F /* Products */;
			projectDirPath = "";
			projectRoot = "";
			targets = (
				3FE49D5E2EA2FA5C00C11A8F /* RentiWise */,
				3FE49D742EA2FA5D00C11A8F /* RentiWiseTests */,
				3FE49D7E2EA2FA5D00C11A8F /* RentiWiseUITests */,
			);
		};
/* End PBXProject section */

/* Begin PBXResourcesBuildPhase section */
		3FE49D5D2EA2FA5C00C11A8F /* Resources */ = {
			isa = PBXResourcesBuildPhase;
			buildActionMask = 2147483647;
			files = (
			);
			runOnlyForDeploymentPostprocessing = 0;
		};
		3FE49D732EA2FA5D00C11A8F /* Resources */ = {
			isa = PBXResourcesBuildPhase;
			buildActionMask = 2147483647;
			files = (
			);
			runOnlyForDeploymentPostprocessing = 0;
		};
		3FE49D7D2EA2FA5D00C11A8F /* Resources */ = {
			isa = PBXResourcesBuildPhase;
			buildActionMask = 2147483647;
			files = (
			);
			runOnlyForDeploymentPostprocessing = 0;
		};
/* End PBXResourcesBuildPhase section */

/* Begin PBXSourcesBuildPhase section */
		3FE49D5B2EA2FA5C00C11A8F /* Sources */ = {
			isa = PBXSourcesBuildPhase;
			buildActionMask = 2147483647;
			files = (
			);
			runOnlyForDeploymentPostprocessing = 0;
		};
		3FE49D712EA2FA5D00C11A8F /* Sources */ = {
			isa = PBXSourcesBuildPhase;
			buildActionMask = 2147483647;
			files = (
			);
			runOnlyForDeploymentPostprocessing = 0;
		};
		3FE49D7B2EA2FA5D00C11A8F /* Sources */ = {
			isa = PBXSourcesBuildPhase;
			buildActionMask = 2147483647;
			files = (
			);
			runOnlyForDeploymentPostprocessing = 0;
		};
/* End PBXSourcesBuildPhase section */

/* Begin PBXTargetDependency section */
		3FE49D772EA2FA5D00C11A8F /* PBXTargetDependency */ = {
			isa = PBXTargetDependency;
			target = 3FE49D5E2EA2FA5C00C11A8F /* RentiWise */;
			targetProxy = 3FE49D762EA2FA5D00C11A8F /* PBXContainerItemProxy */;
		};
		3FE49D812EA2FA5D00C11A8F /* PBXTargetDependency */ = {
			isa = PBXTargetDependency;
			target = 3FE49D5E2EA2FA5C00C11A8F /* RentiWise */;
			targetProxy = 3FE49D802EA2FA5D00C11A8F /* PBXContainerItemProxy */;
		};
/* End PBXTargetDependency section */

/* Begin XCBuildConfiguration section */
		3FE49D892EA2FA5D00C11A8F /* Debug */ = {
			isa = XCBuildConfiguration;
			buildSettings = {
				ASSETCATALOG_COMPILER_APPICON_NAME = AppIcon;
				ASSETCATALOG_COMPILER_GLOBAL_ACCENT_COLOR_NAME = AccentColor;
				CODE_SIGN_STYLE = Automatic;
				CURRENT_PROJECT_VERSION = 1;
				GENERATE_INFOPLIST_FILE = YES;
				INFOPLIST_FILE = RentiWise/Info.plist;
				INFOPLIST_KEY_UIApplicationSupportsIndirectInputEvents = YES;
				INFOPLIST_KEY_UILaunchStoryboardName = LaunchScreen;
				INFOPLIST_KEY_UIMainStoryboardFile = Main;
				INFOPLIST_KEY_UISupportedInterfaceOrientations_iPad = "UIInterfaceOrientationPortrait UIInterfaceOrientationPortraitUpsideDown UIInterfaceOrientationLandscapeLeft UIInterfaceOrientationLandscapeRight";
				INFOPLIST_KEY_UISupportedInterfaceOrientations_iPhone = "UIInterfaceOrientationPortrait UIInterfaceOrientationLandscapeLeft UIInterfaceOrientationLandscapeRight";
				LD_RUNPATH_SEARCH_PATHS = (
					"$(inherited)",
					"@executable_path/Frameworks",
				);
				MARKETING_VERSION = 1.0;
				PRODUCT_BUNDLE_IDENTIFIER = aditya.RentiWise;
				PRODUCT_NAME = "$(TARGET_NAME)";
				STRING_CATALOG_GENERATE_SYMBOLS = YES;
				SWIFT_APPROACHABLE_CONCURRENCY = YES;
				SWIFT_DEFAULT_ACTOR_ISOLATION = MainActor;
				SWIFT_EMIT_LOC_STRINGS = YES;
				SWIFT_UPCOMING_FEATURE_MEMBER_IMPORT_VISIBILITY = YES;
				SWIFT_VERSION = 5.0;
				TARGETED_DEVICE_FAMILY = "1,2";
			};
			name = Debug;
		};
		3FE49D8A2EA2FA5D00C11A8F /* Release */ = {
			isa = XCBuildConfiguration;
			buildSettings = {
				ASSETCATALOG_COMPILER_APPICON_NAME = AppIcon;
				ASSETCATALOG_COMPILER_GLOBAL_ACCENT_COLOR_NAME = AccentColor;
				CODE_SIGN_STYLE = Automatic;
				CURRENT_PROJECT_VERSION = 1;
				GENERATE_INFOPLIST_FILE = YES;
				INFOPLIST_FILE = RentiWise/Info.plist;
				INFOPLIST_KEY_UIApplicationSupportsIndirectInputEvents = YES;
				INFOPLIST_KEY_UILaunchStoryboardName = LaunchScreen;
				INFOPLIST_KEY_UIMainStoryboardFile = Main;
				INFOPLIST_KEY_UISupportedInterfaceOrientations_iPad = "UIInterfaceOrientationPortrait UIInterfaceOrientationPortraitUpsideDown UIInterfaceOrientationLandscapeLeft UIInterfaceOrientationLandscapeRight";
				INFOPLIST_KEY_UISupportedInterfaceOrientations_iPhone = "UIInterfaceOrientationPortrait UIInterfaceOrientationLandscapeLeft UIInterfaceOrientationLandscapeRight";
				LD_RUNPATH_SEARCH_PATHS = (
					"$(inherited)",
					"@executable_path/Frameworks",
				);
				MARKETING_VERSION = 1.0;
				PRODUCT_BUNDLE_IDENTIFIER = aditya.RentiWise;
				PRODUCT_NAME = "$(TARGET_NAME)";
				STRING_CATALOG_GENERATE_SYMBOLS = YES;
				SWIFT_APPROACHABLE_CONCURRENCY = YES;
				SWIFT_DEFAULT_ACTOR_ISOLATION = MainActor;
				SWIFT_EMIT_LOC_STRINGS = YES;
				SWIFT_UPCOMING_FEATURE_MEMBER_IMPORT_VISIBILITY = YES;
				SWIFT_VERSION = 5.0;
				TARGETED_DEVICE_FAMILY = "1,2";
			};
			name = Release;
		};
		3FE49D8B2EA2FA5D00C11A8F /* Debug */ = {
			isa = XCBuildConfiguration;
			buildSettings = {
				ALWAYS_SEARCH_USER_PATHS = NO;
				ASSETCATALOG_COMPILER_GENERATE_SWIFT_ASSET_SYMBOL_EXTENSIONS = YES;
				CLANG_ANALYZER_NONNULL = YES;
				CLANG_ANALYZER_NUMBER_OBJECT_CONVERSION = YES_AGGRESSIVE;
				CLANG_CXX_LANGUAGE_STANDARD = "gnu++20";
				CLANG_ENABLE_MODULES = YES;
				CLANG_ENABLE_OBJC_ARC = YES;
				CLANG_ENABLE_OBJC_WEAK = YES;
				CLANG_WARN_BLOCK_CAPTURE_AUTORELEASING = YES;
				CLANG_WARN_BOOL_CONVERSION = YES;
				CLANG_WARN_COMMA = YES;
				CLANG_WARN_CONSTANT_CONVERSION = YES;
				CLANG_WARN_DEPRECATED_OBJC_IMPLEMENTATIONS = YES;
				CLANG_WARN_DIRECT_OBJC_ISA_USAGE = YES_ERROR;
				CLANG_WARN_DOCUMENTATION_COMMENTS = YES;
				CLANG_WARN_EMPTY_BODY = YES;
				CLANG_WARN_ENUM_CONVERSION = YES;
				CLANG_WARN_INFINITE_RECURSION = YES;
				CLANG_WARN_INT_CONVERSION = YES;
				CLANG_WARN_NON_LITERAL_NULL_CONVERSION = YES;
				CLANG_WARN_OBJC_IMPLICIT_RETAIN_SELF = YES;
				CLANG_WARN_OBJC_LITERAL_CONVERSION = YES;
				CLANG_WARN_OBJC_ROOT_CLASS = YES_ERROR;
				CLANG_WARN_QUOTED_INCLUDE_IN_FRAMEWORK_HEADER = YES;
				CLANG_WARN_RANGE_LOOP_ANALYSIS = YES;
				CLANG_WARN_STRICT_PROTOTYPES = YES;
				CLANG_WARN_SUSPICIOUS_MOVE = YES;
				CLANG_WARN_UNGUARDED_AVAILABILITY = YES_AGGRESSIVE;
				CLANG_WARN_UNREACHABLE_CODE = YES;
				CLANG_WARN__DUPLICATE_METHOD_MATCH = YES;
				COPY_PHASE_STRIP = NO;
				DEBUG_INFORMATION_FORMAT = dwarf;
				ENABLE_STRICT_OBJC_MSGSEND = YES;
				ENABLE_TESTABILITY = YES;
				ENABLE_USER_SCRIPT_SANDBOXING = YES;
				GCC_C_LANGUAGE_STANDARD = gnu17;
				GCC_DYNAMIC_NO_PIC = NO;
				GCC_NO_COMMON_BLOCKS = YES;
				GCC_OPTIMIZATION_LEVEL = 0;
				GCC_PREPROCESSOR_DEFINITIONS = (
					"DEBUG=1",
					"$(inherited)",
				);
				GCC_WARN_64_TO_32_BIT_CONVERSION = YES;
				GCC_WARN_ABOUT_RETURN_TYPE = YES_ERROR;
				GCC_WARN_UNDECLARED_SELECTOR = YES;
				GCC_WARN_UNINITIALIZED_AUTOS = YES_AGGRESSIVE;
				GCC_WARN_UNUSED_FUNCTION = YES;
				GCC_WARN_UNUSED_VARIABLE = YES;
				IPHONEOS_DEPLOYMENT_TARGET = 26.0;
				LOCALIZATION_PREFERS_STRING_CATALOGS = YES;
				MTL_ENABLE_DEBUG_INFO = INCLUDE_SOURCE;
				MTL_FAST_MATH = YES;
				ONLY_ACTIVE_ARCH = YES;
				SDKROOT = iphoneos;
				SWIFT_ACTIVE_COMPILATION_CONDITIONS = "DEBUG $(inherited)";
				SWIFT_OPTIMIZATION_LEVEL = "-Onone";
			};
			name = Debug;
		};
		3FE49D8C2EA2FA5D00C11A8F /* Release */ = {
			isa = XCBuildConfiguration;
			buildSettings = {
				ALWAYS_SEARCH_USER_PATHS = NO;
				ASSETCATALOG_COMPILER_GENERATE_SWIFT_ASSET_SYMBOL_EXTENSIONS = YES;
				CLANG_ANALYZER_NONNULL = YES;
				CLANG_ANALYZER_NUMBER_OBJECT_CONVERSION = YES_AGGRESSIVE;
				CLANG_CXX_LANGUAGE_STANDARD = "gnu++20";
				CLANG_ENABLE_MODULES = YES;
				CLANG_ENABLE_OBJC_ARC = YES;
				CLANG_ENABLE_OBJC_WEAK = YES;
				CLANG_WARN_BLOCK_CAPTURE_AUTORELEASING = YES;
				CLANG_WARN_BOOL_CONVERSION = YES;
				CLANG_WARN_COMMA = YES;
				CLANG_WARN_CONSTANT_CONVERSION = YES;
				CLANG_WARN_DEPRECATED_OBJC_IMPLEMENTATIONS = YES;
				CLANG_WARN_DIRECT_OBJC_ISA_USAGE = YES_ERROR;
				CLANG_WARN_DOCUMENTATION_COMMENTS = YES;
				CLANG_WARN_EMPTY_BODY = YES;
				CLANG_WARN_ENUM_CONVERSION = YES;
				CLANG_WARN_INFINITE_RECURSION = YES;
				CLANG_WARN_INT_CONVERSION = YES;
				CLANG_WARN_NON_LITERAL_NULL_CONVERSION = YES;
				CLANG_WARN_OBJC_IMPLICIT_RETAIN_SELF = YES;
				CLANG_WARN_OBJC_LITERAL_CONVERSION = YES;
				CLANG_WARN_OBJC_ROOT_CLASS = YES_ERROR;
				CLANG_WARN_QUOTED_INCLUDE_IN_FRAMEWORK_HEADER = YES;
				CLANG_WARN_RANGE_LOOP_ANALYSIS = YES;
				CLANG_WARN_STRICT_PROTOTYPES = YES;
				CLANG_WARN_SUSPICIOUS_MOVE = YES;
				CLANG_WARN_UNGUARDED_AVAILABILITY = YES_AGGRESSIVE;
				CLANG_WARN_UNREACHABLE_CODE = YES;
				CLANG_WARN__DUPLICATE_METHOD_MATCH = YES;
				COPY_PHASE_STRIP = NO;
				DEBUG_INFORMATION_FORMAT = "dwarf-with-dsym";
				ENABLE_NS_ASSERTIONS = NO;
				ENABLE_STRICT_OBJC_MSGSEND = YES;
				ENABLE_USER_SCRIPT_SANDBOXING = YES;
				GCC_C_LANGUAGE_STANDARD = gnu17;
				GCC_NO_COMMON_BLOCKS = YES;
				GCC_WARN_64_TO_32_BIT_CONVERSION = YES;
				GCC_WARN_ABOUT_RETURN_TYPE = YES_ERROR;
				GCC_WARN_UNDECLARED_SELECTOR = YES;
				GCC_WARN_UNINITIALIZED_AUTOS = YES_AGGRESSIVE;
				GCC_WARN_UNUSED_FUNCTION = YES;
				GCC_WARN_UNUSED_VARIABLE = YES;
				IPHONEOS_DEPLOYMENT_TARGET = 26.0;
				LOCALIZATION_PREFERS_STRING_CATALOGS = YES;
				MTL_ENABLE_DEBUG_INFO = NO;
				MTL_FAST_MATH = YES;
				SDKROOT = iphoneos;
				SWIFT_COMPILATION_MODE = wholemodule;
				VALIDATE_PRODUCT = YES;
			};
			name = Release;
		};
		3FE49D8E2EA2FA5D00C11A8F /* Debug */ = {
			isa = XCBuildConfiguration;
			buildSettings = {
				BUNDLE_LOADER = "$(TEST_HOST)";
				CODE_SIGN_STYLE = Automatic;
				CURRENT_PROJECT_VERSION = 1;
				GENERATE_INFOPLIST_FILE = YES;
				IPHONEOS_DEPLOYMENT_TARGET = 26.0;
				MARKETING_VERSION = 1.0;
				PRODUCT_BUNDLE_IDENTIFIER = aditya.RentiWiseTests;
				PRODUCT_NAME = "$(TARGET_NAME)";
				STRING_CATALOG_GENERATE_SYMBOLS = NO;
				SWIFT_APPROACHABLE_CONCURRENCY = YES;
				SWIFT_EMIT_LOC_STRINGS = NO;
				SWIFT_UPCOMING_FEATURE_MEMBER_IMPORT_VISIBILITY = YES;
				SWIFT_VERSION = 5.0;
				TARGETED_DEVICE_FAMILY = "1,2";
				TEST_HOST = "$(BUILT_PRODUCTS_DIR)/RentiWise.app/$(BUNDLE_EXECUTABLE_FOLDER_PATH)/RentiWise";
			};
			name = Debug;
		};
		3FE49D8F2EA2FA5D00C11A8F /* Release */ = {
			isa = XCBuildConfiguration;
			buildSettings = {
				BUNDLE_LOADER = "$(TEST_HOST)";
				CODE_SIGN_STYLE = Automatic;
				CURRENT_PROJECT_VERSION = 1;
				GENERATE_INFOPLIST_FILE = YES;
				IPHONEOS_DEPLOYMENT_TARGET = 26.0;
				MARKETING_VERSION = 1.0;
				PRODUCT_BUNDLE_IDENTIFIER = aditya.RentiWiseTests;
				PRODUCT_NAME = "$(TARGET_NAME)";
				STRING_CATALOG_GENERATE_SYMBOLS = NO;
				SWIFT_APPROACHABLE_CONCURRENCY = YES;
				SWIFT_EMIT_LOC_STRINGS = NO;
				SWIFT_UPCOMING_FEATURE_MEMBER_IMPORT_VISIBILITY = YES;
				SWIFT_VERSION = 5.0;
				TARGETED_DEVICE_FAMILY = "1,2";
				TEST_HOST = "$(BUILT_PRODUCTS_DIR)/RentiWise.app/$(BUNDLE_EXECUTABLE_FOLDER_PATH)/RentiWise";
			};
			name = Release;
		};
		3FE49D912EA2FA5D00C11A8F /* Debug */ = {
			isa = XCBuildConfiguration;
			buildSettings = {
				CODE_SIGN_STYLE = Automatic;
				CURRENT_PROJECT_VERSION = 1;
				GENERATE_INFOPLIST_FILE = YES;
				MARKETING_VERSION = 1.0;
				PRODUCT_BUNDLE_IDENTIFIER = aditya.RentiWiseUITests;
				PRODUCT_NAME = "$(TARGET_NAME)";
				STRING_CATALOG_GENERATE_SYMBOLS = NO;
				SWIFT_APPROACHABLE_CONCURRENCY = YES;
				SWIFT_EMIT_LOC_STRINGS = NO;
				SWIFT_UPCOMING_FEATURE_MEMBER_IMPORT_VISIBILITY = YES;
				SWIFT_VERSION = 5.0;
				TARGETED_DEVICE_FAMILY = "1,2";
				TEST_TARGET_NAME = RentiWise;
			};
			name = Debug;
		};
		3FE49D922EA2FA5D00C11A8F /* Release */ = {
			isa = XCBuildConfiguration;
			buildSettings = {
				CODE_SIGN_STYLE = Automatic;
				CURRENT_PROJECT_VERSION = 1;
				GENERATE_INFOPLIST_FILE = YES;
				MARKETING_VERSION = 1.0;
				PRODUCT_BUNDLE_IDENTIFIER = aditya.RentiWiseUITests;
				PRODUCT_NAME = "$(TARGET_NAME)";
				STRING_CATALOG_GENERATE_SYMBOLS = NO;
				SWIFT_APPROACHABLE_CONCURRENCY = YES;
				SWIFT_EMIT_LOC_STRINGS = NO;
				SWIFT_UPCOMING_FEATURE_MEMBER_IMPORT_VISIBILITY = YES;
				SWIFT_VERSION = 5.0;
				TARGETED_DEVICE_FAMILY = "1,2";
				TEST_TARGET_NAME = RentiWise;
			};
			name = Release;
		};
/* End XCBuildConfiguration section */

/* Begin XCConfigurationList section */
		3FE49D5A2EA2FA5C00C11A8F /* Build configuration list for PBXProject "RentiWise" */ = {
			isa = XCConfigurationList;
			buildConfigurations = (
				3FE49D8B2EA2FA5D00C11A8F /* Debug */,
				3FE49D8C2EA2FA5D00C11A8F /* Release */,
			);
			defaultConfigurationIsVisible = 0;
			defaultConfigurationName = Release;
		};
		3FE49D882EA2FA5D00C11A8F /* Build configuration list for PBXNativeTarget "RentiWise" */ = {
			isa = XCConfigurationList;
			buildConfigurations = (
				3FE49D892EA2FA5D00C11A8F /* Debug */,
				3FE49D8A2EA2FA5D00C11A8F /* Release */,
			);
			defaultConfigurationIsVisible = 0;
			defaultConfigurationName = Release;
		};
		3FE49D8D2EA2FA5D00C11A8F /* Build configuration list for PBXNativeTarget "RentiWiseTests" */ = {
			isa = XCConfigurationList;
			buildConfigurations = (
				3FE49D8E2EA2FA5D00C11A8F /* Debug */,
				3FE49D8F2EA2FA5D00C11A8F /* Release */,
			);
			defaultConfigurationIsVisible = 0;
			defaultConfigurationName = Release;
		};
		3FE49D902EA2FA5D00C11A8F /* Build configuration list for PBXNativeTarget "RentiWiseUITests" */ = {
			isa = XCConfigurationList;
			buildConfigurations = (
				3FE49D912EA2FA5D00C11A8F /* Debug */,
				3FE49D922EA2FA5D00C11A8F /* Release */,
			);
			defaultConfigurationIsVisible = 0;
			defaultConfigurationName = Release;
		};
/* End XCConfigurationList section */
	};
	rootObject = 3FE49D572EA2FA5C00C11A8F /* Project object */;
}
